
Microsoft Visual Studio Solution File, Format Version 12.00
# Visual Studio Version 16
VisualStudioVersion = 16.0.31105.61
MinimumVisualStudioVersion = 10.0.40219.1
Project("{FAE04EC0-301F-11D3-BF4B-00C04F79EFBC}") = "Demoapp1", "Demoapp1\Demoapp1.csproj", "{3226FD3B-91C0-4A92-9AFB-8926B97402D0}"
EndProject
Global
	GlobalSection(SolutionConfigurationPlatforms) = preSolution
		Debug|Any CPU = Debug|Any CPU
		Release|Any CPU = Release|Any CPU
	EndGlobalSection
	GlobalSection(ProjectConfigurationPlatforms) = postSolution
		{3226FD3B-91C0-4A92-9AFB-8926B97402D0}.Debug|Any CPU.ActiveCfg = Debug|Any CPU
		{3226FD3B-91C0-4A92-9AFB-8926B97402D0}.Debug|Any CPU.Build.0 = Debug|Any CPU
		{3226FD3B-91C0-4A92-9AFB-8926B97402D0}.Release|Any CPU.ActiveCfg = Release|Any CPU
		{3226FD3B-91C0-4A92-9AFB-8926B97402D0}.Release|Any CPU.Build.0 = Release|Any CPU
	EndGlobalSection
	GlobalSection(SolutionProperties) = preSolution
		HideSolutionNode = FALSE
	EndGlobalSection
	GlobalSection(ExtensibilityGlobals) = postSolution
		SolutionGuid = {078F7ED3-EFC8-4445-996C-D2E47E18B716}
	EndGlobalSection
EndGlobal
